
Microsoft Visual Studio Solution File, Format Version 12.00
# Visual Studio 15
VisualStudioVersion = 15.0.26730.8
MinimumVisualStudioVersion = 10.0.40219.1
Project("{8BC9CEB8-8B4A-11D0-8D11-00A0C91BC942}") = "GAheader", "GAheader\GAheader.vcxproj", "{9F1484D8-3680-405B-B03D-D7BFE700016A}"
EndProject
Global
	GlobalSection(SolutionConfigurationPlatforms) = preSolution
		Debug|x64 = Debug|x64
		Debug|x86 = Debug|x86
		Release|x64 = Release|x64
		Release|x86 = Release|x86
	EndGlobalSection
	GlobalSection(ProjectConfigurationPlatforms) = postSolution
		{9F1484D8-3680-405B-B03D-D7BFE700016A}.Debug|x64.ActiveCfg = Debug|x64
		{9F1484D8-3680-405B-B03D-D7BFE700016A}.Debug|x64.Build.0 = Debug|x64
		{9F1484D8-3680-405B-B03D-D7BFE700016A}.Debug|x86.ActiveCfg = Debug|Win32
		{9F1484D8-3680-405B-B03D-D7BFE700016A}.Debug|x86.Build.0 = Debug|Win32
		{9F1484D8-3680-405B-B03D-D7BFE700016A}.Release|x64.ActiveCfg = Release|x64
		{9F1484D8-3680-405B-B03D-D7BFE700016A}.Release|x64.Build.0 = Release|x64
		{9F1484D8-3680-405B-B03D-D7BFE700016A}.Release|x86.ActiveCfg = Release|Win32
		{9F1484D8-3680-405B-B03D-D7BFE700016A}.Release|x86.Build.0 = Release|Win32
	EndGlobalSection
	GlobalSection(SolutionProperties) = preSolution
		HideSolutionNode = FALSE
	EndGlobalSection
	GlobalSection(ExtensibilityGlobals) = postSolution
		SolutionGuid = {B42CCDCE-4224-41DC-A965-F81F0FE0359B}
	EndGlobalSection
EndGlobal
